
Microsoft Visual Studio Solution File, Format Version 12.00
# Visual Studio 15
VisualStudioVersion = 15.0.27703.2035
MinimumVisualStudioVersion = 10.0.40219.1
Project("{FAE04EC0-301F-11D3-BF4B-00C04F79EFBC}") = "Hangfire.Unity4", "Hangfire.Unity4.csproj", "{7F454533-9F91-4ED4-B435-5A40B00C8473}"
EndProject
Global
	GlobalSection(SolutionConfigurationPlatforms) = preSolution
		Debug|Any CPU = Debug|Any CPU
		Release|Any CPU = Release|Any CPU
	EndGlobalSection
	GlobalSection(ProjectConfigurationPlatforms) = postSolution
		{7F454533-9F91-4ED4-B435-5A40B00C8473}.Debug|Any CPU.ActiveCfg = Debug|Any CPU
		{7F454533-9F91-4ED4-B435-5A40B00C8473}.Debug|Any CPU.Build.0 = Debug|Any CPU
		{7F454533-9F91-4ED4-B435-5A40B00C8473}.Release|Any CPU.ActiveCfg = Release|Any CPU
		{7F454533-9F91-4ED4-B435-5A40B00C8473}.Release|Any CPU.Build.0 = Release|Any CPU
	EndGlobalSection
	GlobalSection(SolutionProperties) = preSolution
		HideSolutionNode = FALSE
	EndGlobalSection
	GlobalSection(ExtensibilityGlobals) = postSolution
		SolutionGuid = {10F8B966-0AEA-4620-A258-D5F218F02F8A}
	EndGlobalSection
EndGlobal
